
Microsoft Visual Studio Solution File, Format Version 12.00
# Visual Studio Version 17
VisualStudioVersion = 17.14.36414.22
MinimumVisualStudioVersion = 10.0.40219.1
Project("{FAE04EC0-301F-11D3-BF4B-00C04F79EFBC}") = "ContractMonthlyClaimSystem", "ContractMonthlyClaimSystem.csproj", "{1F874615-64F2-4515-843E-C53340697B6B}"
EndProject
Project("{FAE04EC0-301F-11D3-BF4B-00C04F79EFBC}") = "ICClaimTests", "..\ICClaimTests\ICClaimTests.csproj", "{21C796F9-01D6-4E50-96FB-94606F2F1F21}"
EndProject
Global
	GlobalSection(SolutionConfigurationPlatforms) = preSolution
		Debug|Any CPU = Debug|Any CPU
		Release|Any CPU = Release|Any CPU
	EndGlobalSection
	GlobalSection(ProjectConfigurationPlatforms) = postSolution
		{1F874615-64F2-4515-843E-C53340697B6B}.Debug|Any CPU.ActiveCfg = Debug|Any CPU
		{1F874615-64F2-4515-843E-C53340697B6B}.Debug|Any CPU.Build.0 = Debug|Any CPU
		{1F874615-64F2-4515-843E-C53340697B6B}.Release|Any CPU.ActiveCfg = Release|Any CPU
		{1F874615-64F2-4515-843E-C53340697B6B}.Release|Any CPU.Build.0 = Release|Any CPU
		{21C796F9-01D6-4E50-96FB-94606F2F1F21}.Debug|Any CPU.ActiveCfg = Debug|Any CPU
		{21C796F9-01D6-4E50-96FB-94606F2F1F21}.Debug|Any CPU.Build.0 = Debug|Any CPU
		{21C796F9-01D6-4E50-96FB-94606F2F1F21}.Release|Any CPU.ActiveCfg = Release|Any CPU
		{21C796F9-01D6-4E50-96FB-94606F2F1F21}.Release|Any CPU.Build.0 = Release|Any CPU
	EndGlobalSection
	GlobalSection(SolutionProperties) = preSolution
		HideSolutionNode = FALSE
	EndGlobalSection
	GlobalSection(ExtensibilityGlobals) = postSolution
		SolutionGuid = {7415E4FB-9446-48C0-A5E2-9CCA513E13BC}
	EndGlobalSection
EndGlobal
